// !$*UTF8*$!
{
	archiveVersion = 1;
	classes = {
	};
	objectVersion = 46;
	objects = {

/* Begin PBXBuildFile section */
		824D3CFD1762787600B4A4BD /* AppKit.framework in Frameworks */ = {isa = PBXBuildFile; fileRef = 824D3CFC1762787600B4A4BD /* AppKit.framework */; };
		824D3CFF1762787600B4A4BD /* Foundation.framework in Frameworks */ = {isa = PBXBuildFile; fileRef = 824D3CFE1762787600B4A4BD /* Foundation.framework */; };
		824D3D051762787600B4A4BD /* InfoPlist.strings in Resources */ = {isa = PBXBuildFile; fileRef = 824D3D031762787600B4A4BD /* InfoPlist.strings */; };
		824D3D081762787600B4A4BD /* BTGisterPost.m in Sources */ = {isa = PBXBuildFile; fileRef = 824D3D071762787600B4A4BD /* BTGisterPost.m */; };
		824D3D42176279B800B4A4BD /* BTGitHubEngine.m in Sources */ = {isa = PBXBuildFile; fileRef = 824D3D2E176279B800B4A4BD /* BTGitHubEngine.m */; };
		824D3D43176279B800B4A4BD /* NSArray+Utilities.m in Sources */ = {isa = PBXBuildFile; fileRef = 824D3D30176279B800B4A4BD /* NSArray+Utilities.m */; };
		824D3D44176279B800B4A4BD /* NSData+Base64.m in Sources */ = {isa = PBXBuildFile; fileRef = 824D3D32176279B800B4A4BD /* NSData+Base64.m */; };
		824D3D45176279B800B4A4BD /* NSInvocation+Blocks.m in Sources */ = {isa = PBXBuildFile; fileRef = 824D3D34176279B800B4A4BD /* NSInvocation+Blocks.m */; };
		824D3D46176279B800B4A4BD /* NSString+UAGithubEngineUtilities.m in Sources */ = {isa = PBXBuildFile; fileRef = 824D3D36176279B800B4A4BD /* NSString+UAGithubEngineUtilities.m */; };
		824D3D47176279B800B4A4BD /* NSString+UUID.m in Sources */ = {isa = PBXBuildFile; fileRef = 824D3D38176279B800B4A4BD /* NSString+UUID.m */; };
		824D3D48176279B800B4A4BD /* UAGithubEngineConstants.m in Sources */ = {isa = PBXBuildFile; fileRef = 824D3D3A176279B800B4A4BD /* UAGithubEngineConstants.m */; };
		824D3D49176279B800B4A4BD /* UAGithubJSONParser.m in Sources */ = {isa = PBXBuildFile; fileRef = 824D3D3D176279B800B4A4BD /* UAGithubJSONParser.m */; };
		824D3D4A176279B800B4A4BD /* UAGithubURLConnection.m in Sources */ = {isa = PBXBuildFile; fileRef = 824D3D3F176279B800B4A4BD /* UAGithubURLConnection.m */; };
		824D3D4B176279B800B4A4BD /* UAReachability.m in Sources */ = {isa = PBXBuildFile; fileRef = 824D3D41176279B800B4A4BD /* UAReachability.m */; };
		824D3D5317627A1500B4A4BD /* GisterPostWindowController.m in Sources */ = {isa = PBXBuildFile; fileRef = 824D3D5117627A1500B4A4BD /* GisterPostWindowController.m */; };
		824D3D5517627A3300B4A4BD /* GisterPostWindow.xib in Resources */ = {isa = PBXBuildFile; fileRef = 824D3D5417627A3300B4A4BD /* GisterPostWindow.xib */; };
		824D3D5817627B6600B4A4BD /* UserCredential.m in Sources */ = {isa = PBXBuildFile; fileRef = 824D3D5717627B6600B4A4BD /* UserCredential.m */; };
		825AC74D17627CAD00D84DB2 /* SystemConfiguration.framework in Frameworks */ = {isa = PBXBuildFile; fileRef = 825AC74C17627CAD00D84DB2 /* SystemConfiguration.framework */; };
		82B951E217635EAF004BE93B /* LoginWindowController.m in Sources */ = {isa = PBXBuildFile; fileRef = 82B951E117635EAF004BE93B /* LoginWindowController.m */; };
		82B951E417635EBD004BE93B /* LoginWindow.xib in Resources */ = {isa = PBXBuildFile; fileRef = 82B951E317635EBD004BE93B /* LoginWindow.xib */; };
		82C5730C17636EFA00957537 /* Gist.m in Sources */ = {isa = PBXBuildFile; fileRef = 82C5730B17636EFA00957537 /* Gist.m */; };
/* End PBXBuildFile section */

/* Begin PBXFileReference section */
		824D3CF91762787600B4A4BD /* BTGisterPost.xcplugin */ = {isa = PBXFileReference; explicitFileType = wrapper.cfbundle; includeInIndex = 0; path = BTGisterPost.xcplugin; sourceTree = BUILT_PRODUCTS_DIR; };
		824D3CFC1762787600B4A4BD /* AppKit.framework */ = {isa = PBXFileReference; lastKnownFileType = wrapper.framework; name = AppKit.framework; path = System/Library/Frameworks/AppKit.framework; sourceTree = SDKROOT; };
		824D3CFE1762787600B4A4BD /* Foundation.framework */ = {isa = PBXFileReference; lastKnownFileType = wrapper.framework; name = Foundation.framework; path = System/Library/Frameworks/Foundation.framework; sourceTree = SDKROOT; };
		824D3D021762787600B4A4BD /* BTGisterPost-Info.plist */ = {isa = PBXFileReference; lastKnownFileType = text.plist.xml; path = "BTGisterPost-Info.plist"; sourceTree = "<group>"; };
		824D3D041762787600B4A4BD /* en */ = {isa = PBXFileReference; lastKnownFileType = text.plist.strings; name = en; path = en.lproj/InfoPlist.strings; sourceTree = "<group>"; };
		824D3D061762787600B4A4BD /* BTGisterPost.h */ = {isa = PBXFileReference; lastKnownFileType = sourcecode.c.h; path = BTGisterPost.h; sourceTree = "<group>"; };
		824D3D071762787600B4A4BD /* BTGisterPost.m */ = {isa = PBXFileReference; lastKnownFileType = sourcecode.c.objc; path = BTGisterPost.m; sourceTree = "<group>"; };
		824D3D091762787600B4A4BD /* BTGisterPost-Prefix.pch */ = {isa = PBXFileReference; lastKnownFileType = sourcecode.c.h; path = "BTGisterPost-Prefix.pch"; sourceTree = "<group>"; };
		824D3D2D176279B800B4A4BD /* BTGitHubEngine.h */ = {isa = PBXFileReference; fileEncoding = 4; lastKnownFileType = sourcecode.c.h; path = BTGitHubEngine.h; sourceTree = "<group>"; };
		824D3D2E176279B800B4A4BD /* BTGitHubEngine.m */ = {isa = PBXFileReference; fileEncoding = 4; lastKnownFileType = sourcecode.c.objc; path = BTGitHubEngine.m; sourceTree = "<group>"; };
		824D3D2F176279B800B4A4BD /* NSArray+Utilities.h */ = {isa = PBXFileReference; fileEncoding = 4; lastKnownFileType = sourcecode.c.h; path = "NSArray+Utilities.h"; sourceTree = "<group>"; };
		824D3D30176279B800B4A4BD /* NSArray+Utilities.m */ = {isa = PBXFileReference; fileEncoding = 4; lastKnownFileType = sourcecode.c.objc; path = "NSArray+Utilities.m"; sourceTree = "<group>"; };
		824D3D31176279B800B4A4BD /* NSData+Base64.h */ = {isa = PBXFileReference; fileEncoding = 4; lastKnownFileType = sourcecode.c.h; path = "NSData+Base64.h"; sourceTree = "<group>"; };
		824D3D32176279B800B4A4BD /* NSData+Base64.m */ = {isa = PBXFileReference; fileEncoding = 4; lastKnownFileType = sourcecode.c.objc; path = "NSData+Base64.m"; sourceTree = "<group>"; };
		824D3D33176279B800B4A4BD /* NSInvocation+Blocks.h */ = {isa = PBXFileReference; fileEncoding = 4; lastKnownFileType = sourcecode.c.h; path = "NSInvocation+Blocks.h"; sourceTree = "<group>"; };
		824D3D34176279B800B4A4BD /* NSInvocation+Blocks.m */ = {isa = PBXFileReference; fileEncoding = 4; lastKnownFileType = sourcecode.c.objc; path = "NSInvocation+Blocks.m"; sourceTree = "<group>"; };
		824D3D35176279B800B4A4BD /* NSString+UAGithubEngineUtilities.h */ = {isa = PBXFileReference; fileEncoding = 4; lastKnownFileType = sourcecode.c.h; path = "NSString+UAGithubEngineUtilities.h"; sourceTree = "<group>"; };
		824D3D36176279B800B4A4BD /* NSString+UAGithubEngineUtilities.m */ = {isa = PBXFileReference; fileEncoding = 4; lastKnownFileType = sourcecode.c.objc; path = "NSString+UAGithubEngineUtilities.m"; sourceTree = "<group>"; };
		824D3D37176279B800B4A4BD /* NSString+UUID.h */ = {isa = PBXFileReference; fileEncoding = 4; lastKnownFileType = sourcecode.c.h; path = "NSString+UUID.h"; sourceTree = "<group>"; };
		824D3D38176279B800B4A4BD /* NSString+UUID.m */ = {isa = PBXFileReference; fileEncoding = 4; lastKnownFileType = sourcecode.c.objc; path = "NSString+UUID.m"; sourceTree = "<group>"; };
		824D3D39176279B800B4A4BD /* UAGithubEngineConstants.h */ = {isa = PBXFileReference; fileEncoding = 4; lastKnownFileType = sourcecode.c.h; path = UAGithubEngineConstants.h; sourceTree = "<group>"; };
		824D3D3A176279B800B4A4BD /* UAGithubEngineConstants.m */ = {isa = PBXFileReference; fileEncoding = 4; lastKnownFileType = sourcecode.c.objc; path = UAGithubEngineConstants.m; sourceTree = "<group>"; };
		824D3D3B176279B800B4A4BD /* UAGithubEngineRequestTypes.h */ = {isa = PBXFileReference; fileEncoding = 4; lastKnownFileType = sourcecode.c.h; path = UAGithubEngineRequestTypes.h; sourceTree = "<group>"; };
		824D3D3C176279B800B4A4BD /* UAGithubJSONParser.h */ = {isa = PBXFileReference; fileEncoding = 4; lastKnownFileType = sourcecode.c.h; path = UAGithubJSONParser.h; sourceTree = "<group>"; };
		824D3D3D176279B800B4A4BD /* UAGithubJSONParser.m */ = {isa = PBXFileReference; fileEncoding = 4; lastKnownFileType = sourcecode.c.objc; path = UAGithubJSONParser.m; sourceTree = "<group>"; };
		824D3D3E176279B800B4A4BD /* UAGithubURLConnection.h */ = {isa = PBXFileReference; fileEncoding = 4; lastKnownFileType = sourcecode.c.h; path = UAGithubURLConnection.h; sourceTree = "<group>"; };
		824D3D3F176279B800B4A4BD /* UAGithubURLConnection.m */ = {isa = PBXFileReference; fileEncoding = 4; lastKnownFileType = sourcecode.c.objc; path = UAGithubURLConnection.m; sourceTree = "<group>"; };
		824D3D40176279B800B4A4BD /* UAReachability.h */ = {isa = PBXFileReference; fileEncoding = 4; lastKnownFileType = sourcecode.c.h; path = UAReachability.h; sourceTree = "<group>"; };
		824D3D41176279B800B4A4BD /* UAReachability.m */ = {isa = PBXFileReference; fileEncoding = 4; lastKnownFileType = sourcecode.c.objc; path = UAReachability.m; sourceTree = "<group>"; };
		824D3D5017627A1500B4A4BD /* GisterPostWindowController.h */ = {isa = PBXFileReference; fileEncoding = 4; lastKnownFileType = sourcecode.c.h; name = GisterPostWindowController.h; path = ../Views/GisterPostWindowController.h; sourceTree = "<group>"; };
		824D3D5117627A1500B4A4BD /* GisterPostWindowController.m */ = {isa = PBXFileReference; fileEncoding = 4; lastKnownFileType = sourcecode.c.objc; name = GisterPostWindowController.m; path = ../Views/GisterPostWindowController.m; sourceTree = "<group>"; };
		824D3D5417627A3300B4A4BD /* GisterPostWindow.xib */ = {isa = PBXFileReference; fileEncoding = 4; lastKnownFileType = file.xib; path = GisterPostWindow.xib; sourceTree = "<group>"; };
		824D3D5617627B6600B4A4BD /* UserCredential.h */ = {isa = PBXFileReference; fileEncoding = 4; lastKnownFileType = sourcecode.c.h; path = UserCredential.h; sourceTree = "<group>"; };
		824D3D5717627B6600B4A4BD /* UserCredential.m */ = {isa = PBXFileReference; fileEncoding = 4; lastKnownFileType = sourcecode.c.objc; path = UserCredential.m; sourceTree = "<group>"; };
		825AC74B17627BBD00D84DB2 /* LoginProtocol.h */ = {isa = PBXFileReference; fileEncoding = 4; lastKnownFileType = sourcecode.c.h; path = LoginProtocol.h; sourceTree = "<group>"; };
		825AC74C17627CAD00D84DB2 /* SystemConfiguration.framework */ = {isa = PBXFileReference; lastKnownFileType = wrapper.framework; name = SystemConfiguration.framework; path = System/Library/Frameworks/SystemConfiguration.framework; sourceTree = SDKROOT; };
		82B951E017635EAF004BE93B /* LoginWindowController.h */ = {isa = PBXFileReference; fileEncoding = 4; lastKnownFileType = sourcecode.c.h; path = LoginWindowController.h; sourceTree = "<group>"; };
		82B951E117635EAF004BE93B /* LoginWindowController.m */ = {isa = PBXFileReference; fileEncoding = 4; lastKnownFileType = sourcecode.c.objc; path = LoginWindowController.m; sourceTree = "<group>"; };
		82B951E317635EBD004BE93B /* LoginWindow.xib */ = {isa = PBXFileReference; fileEncoding = 4; lastKnownFileType = file.xib; path = LoginWindow.xib; sourceTree = "<group>"; };
		82C5730A17636EFA00957537 /* Gist.h */ = {isa = PBXFileReference; fileEncoding = 4; lastKnownFileType = sourcecode.c.h; path = Gist.h; sourceTree = "<group>"; };
		82C5730B17636EFA00957537 /* Gist.m */ = {isa = PBXFileReference; fileEncoding = 4; lastKnownFileType = sourcecode.c.objc; path = Gist.m; sourceTree = "<group>"; };
/* End PBXFileReference section */

/* Begin PBXFrameworksBuildPhase section */
		824D3CF61762787600B4A4BD /* Frameworks */ = {
			isa = PBXFrameworksBuildPhase;
			buildActionMask = 2147483647;
			files = (
				825AC74D17627CAD00D84DB2 /* SystemConfiguration.framework in Frameworks */,
				824D3CFD1762787600B4A4BD /* AppKit.framework in Frameworks */,
				824D3CFF1762787600B4A4BD /* Foundation.framework in Frameworks */,
			);
			runOnlyForDeploymentPostprocessing = 0;
		};
/* End PBXFrameworksBuildPhase section */

/* Begin PBXGroup section */
		824D3CF01762787600B4A4BD = {
			isa = PBXGroup;
			children = (
				824D3D0F1762792F00B4A4BD /* lib */,
				824D3D001762787600B4A4BD /* BTGisterPost */,
				824D3CFB1762787600B4A4BD /* Frameworks */,
				824D3CFA1762787600B4A4BD /* Products */,
			);
			sourceTree = "<group>";
		};
		824D3CFA1762787600B4A4BD /* Products */ = {
			isa = PBXGroup;
			children = (
				824D3CF91762787600B4A4BD /* BTGisterPost.xcplugin */,
			);
			name = Products;
			sourceTree = "<group>";
		};
		824D3CFB1762787600B4A4BD /* Frameworks */ = {
			isa = PBXGroup;
			children = (
				825AC74C17627CAD00D84DB2 /* SystemConfiguration.framework */,
				824D3CFC1762787600B4A4BD /* AppKit.framework */,
				824D3CFE1762787600B4A4BD /* Foundation.framework */,
			);
			name = Frameworks;
			sourceTree = "<group>";
		};
		824D3D001762787600B4A4BD /* BTGisterPost */ = {
			isa = PBXGroup;
			children = (
				825AC74A17627BA500D84DB2 /* Protocols */,
				824D3D4E176279E600B4A4BD /* Models */,
				824D3D4D176279D400B4A4BD /* Controllers */,
				824D3D4C176279C100B4A4BD /* Views */,
				824D3D061762787600B4A4BD /* BTGisterPost.h */,
				824D3D071762787600B4A4BD /* BTGisterPost.m */,
				824D3D011762787600B4A4BD /* Supporting Files */,
			);
			path = BTGisterPost;
			sourceTree = "<group>";
		};
		824D3D011762787600B4A4BD /* Supporting Files */ = {
			isa = PBXGroup;
			children = (
				824D3D021762787600B4A4BD /* BTGisterPost-Info.plist */,
				824D3D031762787600B4A4BD /* InfoPlist.strings */,
				824D3D091762787600B4A4BD /* BTGisterPost-Prefix.pch */,
			);
			name = "Supporting Files";
			sourceTree = "<group>";
		};
		824D3D0F1762792F00B4A4BD /* lib */ = {
			isa = PBXGroup;
			children = (
				824D3D2D176279B800B4A4BD /* BTGitHubEngine.h */,
				824D3D2E176279B800B4A4BD /* BTGitHubEngine.m */,
				824D3D2F176279B800B4A4BD /* NSArray+Utilities.h */,
				824D3D30176279B800B4A4BD /* NSArray+Utilities.m */,
				824D3D31176279B800B4A4BD /* NSData+Base64.h */,
				824D3D32176279B800B4A4BD /* NSData+Base64.m */,
				824D3D33176279B800B4A4BD /* NSInvocation+Blocks.h */,
				824D3D34176279B800B4A4BD /* NSInvocation+Blocks.m */,
				824D3D35176279B800B4A4BD /* NSString+UAGithubEngineUtilities.h */,
				824D3D36176279B800B4A4BD /* NSString+UAGithubEngineUtilities.m */,
				824D3D37176279B800B4A4BD /* NSString+UUID.h */,
				824D3D38176279B800B4A4BD /* NSString+UUID.m */,
				824D3D39176279B800B4A4BD /* UAGithubEngineConstants.h */,
				824D3D3A176279B800B4A4BD /* UAGithubEngineConstants.m */,
				824D3D3B176279B800B4A4BD /* UAGithubEngineRequestTypes.h */,
				824D3D3C176279B800B4A4BD /* UAGithubJSONParser.h */,
				824D3D3D176279B800B4A4BD /* UAGithubJSONParser.m */,
				824D3D3E176279B800B4A4BD /* UAGithubURLConnection.h */,
				824D3D3F176279B800B4A4BD /* UAGithubURLConnection.m */,
				824D3D40176279B800B4A4BD /* UAReachability.h */,
				824D3D41176279B800B4A4BD /* UAReachability.m */,
			);
			path = lib;
			sourceTree = "<group>";
		};
		824D3D4C176279C100B4A4BD /* Views */ = {
			isa = PBXGroup;
			children = (
				824D3D5417627A3300B4A4BD /* GisterPostWindow.xib */,
				82B951E317635EBD004BE93B /* LoginWindow.xib */,
			);
			path = Views;
			sourceTree = "<group>";
		};
		824D3D4D176279D400B4A4BD /* Controllers */ = {
			isa = PBXGroup;
			children = (
				824D3D5017627A1500B4A4BD /* GisterPostWindowController.h */,
				824D3D5117627A1500B4A4BD /* GisterPostWindowController.m */,
				82B951E017635EAF004BE93B /* LoginWindowController.h */,
				82B951E117635EAF004BE93B /* LoginWindowController.m */,
			);
			path = Controllers;
			sourceTree = "<group>";
		};
		824D3D4E176279E600B4A4BD /* Models */ = {
			isa = PBXGroup;
			children = (
				824D3D5617627B6600B4A4BD /* UserCredential.h */,
				824D3D5717627B6600B4A4BD /* UserCredential.m */,
				82C5730A17636EFA00957537 /* Gist.h */,
				82C5730B17636EFA00957537 /* Gist.m */,
			);
			path = Models;
			sourceTree = "<group>";
		};
		825AC74A17627BA500D84DB2 /* Protocols */ = {
			isa = PBXGroup;
			children = (
				825AC74B17627BBD00D84DB2 /* LoginProtocol.h */,
			);
			path = Protocols;
			sourceTree = "<group>";
		};
/* End PBXGroup section */

/* Begin PBXNativeTarget section */
		824D3CF81762787600B4A4BD /* BTGisterPost */ = {
			isa = PBXNativeTarget;
			buildConfigurationList = 824D3D0C1762787600B4A4BD /* Build configuration list for PBXNativeTarget "BTGisterPost" */;
			buildPhases = (
				824D3CF51762787600B4A4BD /* Sources */,
				824D3CF61762787600B4A4BD /* Frameworks */,
				824D3CF71762787600B4A4BD /* Resources */,
			);
			buildRules = (
			);
			dependencies = (
			);
			name = BTGisterPost;
			productName = BTGisterPost;
			productReference = 824D3CF91762787600B4A4BD /* BTGisterPost.xcplugin */;
			productType = "com.apple.product-type.bundle";
		};
/* End PBXNativeTarget section */

/* Begin PBXProject section */
		824D3CF11762787600B4A4BD /* Project object */ = {
			isa = PBXProject;
			attributes = {
				LastUpgradeCheck = 0460;
				ORGANIZATIONNAME = "Thomas Blitz";
			};
			buildConfigurationList = 824D3CF41762787600B4A4BD /* Build configuration list for PBXProject "BTGisterPost" */;
			compatibilityVersion = "Xcode 3.2";
			developmentRegion = English;
			hasScannedForEncodings = 0;
			knownRegions = (
				en,
			);
			mainGroup = 824D3CF01762787600B4A4BD;
			productRefGroup = 824D3CFA1762787600B4A4BD /* Products */;
			projectDirPath = "";
			projectRoot = "";
			targets = (
				824D3CF81762787600B4A4BD /* BTGisterPost */,
			);
		};
/* End PBXProject section */

/* Begin PBXResourcesBuildPhase section */
		824D3CF71762787600B4A4BD /* Resources */ = {
			isa = PBXResourcesBuildPhase;
			buildActionMask = 2147483647;
			files = (
				824D3D051762787600B4A4BD /* InfoPlist.strings in Resources */,
				824D3D5517627A3300B4A4BD /* GisterPostWindow.xib in Resources */,
				82B951E417635EBD004BE93B /* LoginWindow.xib in Resources */,
			);
			runOnlyForDeploymentPostprocessing = 0;
		};
/* End PBXResourcesBuildPhase section */

/* Begin PBXSourcesBuildPhase section */
		824D3CF51762787600B4A4BD /* Sources */ = {
			isa = PBXSourcesBuildPhase;
			buildActionMask = 2147483647;
			files = (
				824D3D081762787600B4A4BD /* BTGisterPost.m in Sources */,
				824D3D42176279B800B4A4BD /* BTGitHubEngine.m in Sources */,
				824D3D43176279B800B4A4BD /* NSArray+Utilities.m in Sources */,
				824D3D44176279B800B4A4BD /* NSData+Base64.m in Sources */,
				824D3D45176279B800B4A4BD /* NSInvocation+Blocks.m in Sources */,
				824D3D46176279B800B4A4BD /* NSString+UAGithubEngineUtilities.m in Sources */,
				824D3D47176279B800B4A4BD /* NSString+UUID.m in Sources */,
				824D3D48176279B800B4A4BD /* UAGithubEngineConstants.m in Sources */,
				824D3D49176279B800B4A4BD /* UAGithubJSONParser.m in Sources */,
				824D3D4A176279B800B4A4BD /* UAGithubURLConnection.m in Sources */,
				824D3D4B176279B800B4A4BD /* UAReachability.m in Sources */,
				824D3D5317627A1500B4A4BD /* GisterPostWindowController.m in Sources */,
				824D3D5817627B6600B4A4BD /* UserCredential.m in Sources */,
				82B951E217635EAF004BE93B /* LoginWindowController.m in Sources */,
				82C5730C17636EFA00957537 /* Gist.m in Sources */,
			);
			runOnlyForDeploymentPostprocessing = 0;
		};
/* End PBXSourcesBuildPhase section */

/* Begin PBXVariantGroup section */
		824D3D031762787600B4A4BD /* InfoPlist.strings */ = {
			isa = PBXVariantGroup;
			children = (
				824D3D041762787600B4A4BD /* en */,
			);
			name = InfoPlist.strings;
			sourceTree = "<group>";
		};
/* End PBXVariantGroup section */

/* Begin XCBuildConfiguration section */
		824D3D0A1762787600B4A4BD /* Debug */ = {
			isa = XCBuildConfiguration;
			buildSettings = {
				ALWAYS_SEARCH_USER_PATHS = NO;
				ARCHS = "$(ARCHS_STANDARD_64_BIT)";
				CLANG_CXX_LANGUAGE_STANDARD = "gnu++0x";
				CLANG_CXX_LIBRARY = "libc++";
				CLANG_WARN_CONSTANT_CONVERSION = YES;
				CLANG_WARN_EMPTY_BODY = YES;
				CLANG_WARN_ENUM_CONVERSION = YES;
				CLANG_WARN_INT_CONVERSION = YES;
				CLANG_WARN__DUPLICATE_METHOD_MATCH = YES;
				COPY_PHASE_STRIP = NO;
				GCC_C_LANGUAGE_STANDARD = gnu99;
				GCC_DYNAMIC_NO_PIC = NO;
				GCC_ENABLE_OBJC_EXCEPTIONS = YES;
				GCC_OPTIMIZATION_LEVEL = 0;
				GCC_PREPROCESSOR_DEFINITIONS = (
					"DEBUG=1",
					"$(inherited)",
				);
				GCC_SYMBOLS_PRIVATE_EXTERN = NO;
				GCC_WARN_64_TO_32_BIT_CONVERSION = YES;
				GCC_WARN_ABOUT_RETURN_TYPE = YES;
				GCC_WARN_UNINITIALIZED_AUTOS = YES;
				GCC_WARN_UNUSED_VARIABLE = YES;
				MACOSX_DEPLOYMENT_TARGET = 10.8;
				ONLY_ACTIVE_ARCH = YES;
				SDKROOT = macosx;
			};
			name = Debug;
		};
		824D3D0B1762787600B4A4BD /* Release */ = {
			isa = XCBuildConfiguration;
			buildSettings = {
				ALWAYS_SEARCH_USER_PATHS = NO;
				ARCHS = "$(ARCHS_STANDARD_64_BIT)";
				CLANG_CXX_LANGUAGE_STANDARD = "gnu++0x";
				CLANG_CXX_LIBRARY = "libc++";
				CLANG_WARN_CONSTANT_CONVERSION = YES;
				CLANG_WARN_EMPTY_BODY = YES;
				CLANG_WARN_ENUM_CONVERSION = YES;
				CLANG_WARN_INT_CONVERSION = YES;
				CLANG_WARN__DUPLICATE_METHOD_MATCH = YES;
				COPY_PHASE_STRIP = YES;
				DEBUG_INFORMATION_FORMAT = "dwarf-with-dsym";
				GCC_C_LANGUAGE_STANDARD = gnu99;
				GCC_ENABLE_OBJC_EXCEPTIONS = YES;
				GCC_WARN_64_TO_32_BIT_CONVERSION = YES;
				GCC_WARN_ABOUT_RETURN_TYPE = YES;
				GCC_WARN_UNINITIALIZED_AUTOS = YES;
				GCC_WARN_UNUSED_VARIABLE = YES;
				MACOSX_DEPLOYMENT_TARGET = 10.8;
				SDKROOT = macosx;
			};
			name = Release;
		};
		824D3D0D1762787600B4A4BD /* Debug */ = {
			isa = XCBuildConfiguration;
			buildSettings = {
				COMBINE_HIDPI_IMAGES = YES;
				DEPLOYMENT_LOCATION = YES;
				DSTROOT = "$(HOME)";
				GCC_ENABLE_OBJC_GC = required;
				GCC_PRECOMPILE_PREFIX_HEADER = YES;
				GCC_PREFIX_HEADER = "BTGisterPost/BTGisterPost-Prefix.pch";
				INFOPLIST_FILE = "BTGisterPost/BTGisterPost-Info.plist";
				INSTALL_PATH = "/Library/Application Support/Developer/Shared/Xcode/Plug-ins";
				PRODUCT_NAME = "$(TARGET_NAME)";
				WRAPPER_EXTENSION = xcplugin;
			};
			name = Debug;
		};
		824D3D0E1762787600B4A4BD /* Release */ = {
			isa = XCBuildConfiguration;
			buildSettings = {
				COMBINE_HIDPI_IMAGES = YES;
				DEPLOYMENT_LOCATION = YES;
				DSTROOT = "$(HOME)";
				GCC_ENABLE_OBJC_GC = required;
				GCC_PRECOMPILE_PREFIX_HEADER = YES;
				GCC_PREFIX_HEADER = "BTGisterPost/BTGisterPost-Prefix.pch";
				INFOPLIST_FILE = "BTGisterPost/BTGisterPost-Info.plist";
				INSTALL_PATH = "/Library/Application Support/Developer/Shared/Xcode/Plug-ins";
				PRODUCT_NAME = "$(TARGET_NAME)";
				WRAPPER_EXTENSION = xcplugin;
			};
			name = Release;
		};
/* End XCBuildConfiguration section */

/* Begin XCConfigurationList section */
		824D3CF41762787600B4A4BD /* Build configuration list for PBXProject "BTGisterPost" */ = {
			isa = XCConfigurationList;
			buildConfigurations = (
				824D3D0A1762787600B4A4BD /* Debug */,
				824D3D0B1762787600B4A4BD /* Release */,
			);
			defaultConfigurationIsVisible = 0;
			defaultConfigurationName = Release;
		};
		824D3D0C1762787600B4A4BD /* Build configuration list for PBXNativeTarget "BTGisterPost" */ = {
			isa = XCConfigurationList;
			buildConfigurations = (
				824D3D0D1762787600B4A4BD /* Debug */,
				824D3D0E1762787600B4A4BD /* Release */,
			);
			defaultConfigurationIsVisible = 0;
			defaultConfigurationName = Release;
		};
/* End XCConfigurationList section */
	};
	rootObject = 824D3CF11762787600B4A4BD /* Project object */;
}
